
Microsoft Visual Studio Solution File, Format Version 12.00
# Visual Studio Version 17
VisualStudioVersion = 17.1.32228.430
MinimumVisualStudioVersion = 10.0.40219.1
Project("{9A19103F-16F7-4668-BE54-9A1E7A4F7556}") = "ContactMaster", "ContactMaster\ContactMaster.csproj", "{070ED332-F704-467E-B636-7673359F1DFE}"
EndProject
Project("{9A19103F-16F7-4668-BE54-9A1E7A4F7556}") = "Dados", "Data\Dados.csproj", "{F5A8980D-E421-45B0-8935-A337B07BB09C}"
EndProject
Project("{9A19103F-16F7-4668-BE54-9A1E7A4F7556}") = "Dominio", "Dominio\Dominio.csproj", "{D320D20D-F1DD-4663-94E4-82AC2AF5AF04}"
EndProject
Project("{9A19103F-16F7-4668-BE54-9A1E7A4F7556}") = "Ioc", "Ioc\Ioc.csproj", "{8FB85D46-1FE3-47E3-B708-F3EA9C051A63}"
EndProject
Project("{FAE04EC0-301F-11D3-BF4B-00C04F79EFBC}") = "ContactMasterService", "ContactMasterService\ContactMasterService.csproj", "{9ADD08F7-12C1-412E-A560-2B385EAB1528}"
EndProject
Global
	GlobalSection(SolutionConfigurationPlatforms) = preSolution
		Debug|Any CPU = Debug|Any CPU
		Release|Any CPU = Release|Any CPU
	EndGlobalSection
	GlobalSection(ProjectConfigurationPlatforms) = postSolution
		{070ED332-F704-467E-B636-7673359F1DFE}.Debug|Any CPU.ActiveCfg = Debug|Any CPU
		{070ED332-F704-467E-B636-7673359F1DFE}.Debug|Any CPU.Build.0 = Debug|Any CPU
		{070ED332-F704-467E-B636-7673359F1DFE}.Release|Any CPU.ActiveCfg = Release|Any CPU
		{070ED332-F704-467E-B636-7673359F1DFE}.Release|Any CPU.Build.0 = Release|Any CPU
		{F5A8980D-E421-45B0-8935-A337B07BB09C}.Debug|Any CPU.ActiveCfg = Debug|Any CPU
		{F5A8980D-E421-45B0-8935-A337B07BB09C}.Debug|Any CPU.Build.0 = Debug|Any CPU
		{F5A8980D-E421-45B0-8935-A337B07BB09C}.Release|Any CPU.ActiveCfg = Release|Any CPU
		{F5A8980D-E421-45B0-8935-A337B07BB09C}.Release|Any CPU.Build.0 = Release|Any CPU
		{D320D20D-F1DD-4663-94E4-82AC2AF5AF04}.Debug|Any CPU.ActiveCfg = Debug|Any CPU
		{D320D20D-F1DD-4663-94E4-82AC2AF5AF04}.Debug|Any CPU.Build.0 = Debug|Any CPU
		{D320D20D-F1DD-4663-94E4-82AC2AF5AF04}.Release|Any CPU.ActiveCfg = Release|Any CPU
		{D320D20D-F1DD-4663-94E4-82AC2AF5AF04}.Release|Any CPU.Build.0 = Release|Any CPU
		{8FB85D46-1FE3-47E3-B708-F3EA9C051A63}.Debug|Any CPU.ActiveCfg = Debug|Any CPU
		{8FB85D46-1FE3-47E3-B708-F3EA9C051A63}.Debug|Any CPU.Build.0 = Debug|Any CPU
		{8FB85D46-1FE3-47E3-B708-F3EA9C051A63}.Release|Any CPU.ActiveCfg = Release|Any CPU
		{8FB85D46-1FE3-47E3-B708-F3EA9C051A63}.Release|Any CPU.Build.0 = Release|Any CPU
		{9ADD08F7-12C1-412E-A560-2B385EAB1528}.Debug|Any CPU.ActiveCfg = Debug|Any CPU
		{9ADD08F7-12C1-412E-A560-2B385EAB1528}.Debug|Any CPU.Build.0 = Debug|Any CPU
		{9ADD08F7-12C1-412E-A560-2B385EAB1528}.Release|Any CPU.ActiveCfg = Release|Any CPU
		{9ADD08F7-12C1-412E-A560-2B385EAB1528}.Release|Any CPU.Build.0 = Release|Any CPU
	EndGlobalSection
	GlobalSection(SolutionProperties) = preSolution
		HideSolutionNode = FALSE
	EndGlobalSection
	GlobalSection(ExtensibilityGlobals) = postSolution
		SolutionGuid = {29714CAD-4C00-480C-8227-0DEBD31D3442}
	EndGlobalSection
EndGlobal
